
Microsoft Visual Studio Solution File, Format Version 12.00
# Visual Studio Version 16
VisualStudioVersion = 16.0.30907.101
MinimumVisualStudioVersion = 10.0.40219.1
Project("{9A19103F-16F7-4668-BE54-9A1E7A4F7556}") = "vocabulary-app", "vocabulary-app.csproj", "{A23FEF7A-0C2D-42C1-B24B-41B1421BCB7D}"
EndProject
Global
	GlobalSection(SolutionConfigurationPlatforms) = preSolution
		Debug|Any CPU = Debug|Any CPU
		Release|Any CPU = Release|Any CPU
	EndGlobalSection
	GlobalSection(ProjectConfigurationPlatforms) = postSolution
		{A23FEF7A-0C2D-42C1-B24B-41B1421BCB7D}.Debug|Any CPU.ActiveCfg = Debug|Any CPU
		{A23FEF7A-0C2D-42C1-B24B-41B1421BCB7D}.Debug|Any CPU.Build.0 = Debug|Any CPU
		{A23FEF7A-0C2D-42C1-B24B-41B1421BCB7D}.Release|Any CPU.ActiveCfg = Release|Any CPU
		{A23FEF7A-0C2D-42C1-B24B-41B1421BCB7D}.Release|Any CPU.Build.0 = Release|Any CPU
	EndGlobalSection
	GlobalSection(SolutionProperties) = preSolution
		HideSolutionNode = FALSE
	EndGlobalSection
	GlobalSection(ExtensibilityGlobals) = postSolution
		SolutionGuid = {AA5C1CEE-1832-41C1-9A57-D8130F3A28DF}
	EndGlobalSection
EndGlobal
